<Solution>
  <Project Path="Assembly-CSharp-firstpass.csproj" />
  <Project Path="Assembly-CSharp.csproj" />
  <Project Path="Unity.ProBuilder.Examples.csproj" />
  <Project Path="Assembly-CSharp-Editor-firstpass.csproj" />
  <Project Path="Assembly-CSharp-Editor.csproj" />
  <Project Path="Unity.ProBuilder.Examples.Editor.csproj" />
  <Project Path="SynthicNative.csproj" />
  <Project Path="Unity.InputSystem.Recorder.csproj" />
</Solution>
